
Microsoft Visual Studio Solution File, Format Version 12.00
# Visual Studio Version 17
VisualStudioVersion = 17.5.002.0
MinimumVisualStudioVersion = 10.0.40219.1
Project("{9A19103F-16F7-4668-BE54-9A1E7A4F7556}") = "nakigoe", "nakigoe.csproj", "{20967458-71E9-45D5-91CA-662D512FAA53}"
EndProject
Global
	GlobalSection(SolutionConfigurationPlatforms) = preSolution
		Debug|Any CPU = Debug|Any CPU
		Release|Any CPU = Release|Any CPU
	EndGlobalSection
	GlobalSection(ProjectConfigurationPlatforms) = postSolution
		{20967458-71E9-45D5-91CA-662D512FAA53}.Debug|Any CPU.ActiveCfg = Debug|Any CPU
		{20967458-71E9-45D5-91CA-662D512FAA53}.Debug|Any CPU.Build.0 = Debug|Any CPU
		{20967458-71E9-45D5-91CA-662D512FAA53}.Release|Any CPU.ActiveCfg = Release|Any CPU
		{20967458-71E9-45D5-91CA-662D512FAA53}.Release|Any CPU.Build.0 = Release|Any CPU
	EndGlobalSection
	GlobalSection(SolutionProperties) = preSolution
		HideSolutionNode = FALSE
	EndGlobalSection
	GlobalSection(ExtensibilityGlobals) = postSolution
		SolutionGuid = {79A8A602-A860-4290-AA2D-2E89966D1A8F}
	EndGlobalSection
EndGlobal
